
Microsoft Visual Studio Solution File, Format Version 12.00
# Visual Studio 14
VisualStudioVersion = 14.0.25420.1
MinimumVisualStudioVersion = 10.0.40219.1
Project("{2150E333-8FDC-42A3-9474-1A3956D46DE8}") = "src", "src", "{8A9BC34B-DF33-49C3-AB28-92AEEBD45F84}"
EndProject
Project("{FAE04EC0-301F-11D3-BF4B-00C04F79EFBC}") = "WebDAV-AudioPlayer", "src\WebDAV-AudioPlayer\WebDAV-AudioPlayer.csproj", "{DE1CEC09-0A1E-4DDC-BD4A-8B9009C554AD}"
EndProject
Project("{2150E333-8FDC-42A3-9474-1A3956D46DE8}") = "Solution Items", "Solution Items", "{B2EEFDB4-1549-4898-95BE-11E3CDBB86DA}"
	ProjectSection(SolutionItems) = preProject
		LICENSE = LICENSE
		README.md = README.md
	EndProjectSection
EndProject
Global
	GlobalSection(SolutionConfigurationPlatforms) = preSolution
		Debug|Any CPU = Debug|Any CPU
		Release|Any CPU = Release|Any CPU
	EndGlobalSection
	GlobalSection(ProjectConfigurationPlatforms) = postSolution
		{DE1CEC09-0A1E-4DDC-BD4A-8B9009C554AD}.Debug|Any CPU.ActiveCfg = Debug|Any CPU
		{DE1CEC09-0A1E-4DDC-BD4A-8B9009C554AD}.Debug|Any CPU.Build.0 = Debug|Any CPU
		{DE1CEC09-0A1E-4DDC-BD4A-8B9009C554AD}.Release|Any CPU.ActiveCfg = Release|Any CPU
		{DE1CEC09-0A1E-4DDC-BD4A-8B9009C554AD}.Release|Any CPU.Build.0 = Release|Any CPU
	EndGlobalSection
	GlobalSection(SolutionProperties) = preSolution
		HideSolutionNode = FALSE
	EndGlobalSection
	GlobalSection(NestedProjects) = preSolution
		{DE1CEC09-0A1E-4DDC-BD4A-8B9009C554AD} = {8A9BC34B-DF33-49C3-AB28-92AEEBD45F84}
	EndGlobalSection
EndGlobal
